// !$*UTF8*$!
{
	archiveVersion = 1;
	classes = {
	};
	objectVersion = 51;
	objects = {

/* Begin PBXBuildFile section */
		7121B743240D87B9002FFCC0 /* ListViewModelTests.swift in Sources */ = {isa = PBXBuildFile; fileRef = 7121B742240D87B9002FFCC0 /* ListViewModelTests.swift */; };
		7121B74B240D8CB3002FFCC0 /* ListDetailControllerTests.swift in Sources */ = {isa = PBXBuildFile; fileRef = 7121B74A240D8CB3002FFCC0 /* ListDetailControllerTests.swift */; };
		7121B74D240E7221002FFCC0 /* ListDetailViewModelTests.swift in Sources */ = {isa = PBXBuildFile; fileRef = 7121B74C240E7221002FFCC0 /* ListDetailViewModelTests.swift */; };
		714E1F932406CA8A008B52DF /* Localizable.strings in Resources */ = {isa = PBXBuildFile; fileRef = 714E1F922406CA8A008B52DF /* Localizable.strings */; };
		714E1F962406CF3E008B52DF /* WatchingSeriesListController.swift in Sources */ = {isa = PBXBuildFile; fileRef = 714E1F952406CF3E008B52DF /* WatchingSeriesListController.swift */; };
		714E1F9A2406CF5C008B52DF /* WatchingSeriesViewModel.swift in Sources */ = {isa = PBXBuildFile; fileRef = 714E1F992406CF5C008B52DF /* WatchingSeriesViewModel.swift */; };
		714E1F9C2406D47A008B52DF /* ListDetailController.swift in Sources */ = {isa = PBXBuildFile; fileRef = 714E1F9B2406D47A008B52DF /* ListDetailController.swift */; };
		714E1F9E2406D509008B52DF /* ListDetailViewModel.swift in Sources */ = {isa = PBXBuildFile; fileRef = 714E1F9D2406D509008B52DF /* ListDetailViewModel.swift */; };
		714E1FA02408504A008B52DF /* ListDetailTableCell.swift in Sources */ = {isa = PBXBuildFile; fileRef = 714E1F9F2408504A008B52DF /* ListDetailTableCell.swift */; };
		7162B0C223FF2F5200AA84B4 /* AppDelegate.swift in Sources */ = {isa = PBXBuildFile; fileRef = 7162B0C123FF2F5200AA84B4 /* AppDelegate.swift */; };
		7162B0C623FF2F5200AA84B4 /* HomeViewController.swift in Sources */ = {isa = PBXBuildFile; fileRef = 7162B0C523FF2F5200AA84B4 /* HomeViewController.swift */; };
		7162B0C923FF2F5200AA84B4 /* Main.storyboard in Resources */ = {isa = PBXBuildFile; fileRef = 7162B0C723FF2F5200AA84B4 /* Main.storyboard */; };
		7162B0CB23FF2F5500AA84B4 /* Assets.xcassets in Resources */ = {isa = PBXBuildFile; fileRef = 7162B0CA23FF2F5500AA84B4 /* Assets.xcassets */; };
		7162B0CE23FF2F5500AA84B4 /* LaunchScreen.storyboard in Resources */ = {isa = PBXBuildFile; fileRef = 7162B0CC23FF2F5500AA84B4 /* LaunchScreen.storyboard */; };
		7162B0F723FF305800AA84B4 /* UIViewController+Extension.swift in Sources */ = {isa = PBXBuildFile; fileRef = 7162B0F523FF305800AA84B4 /* UIViewController+Extension.swift */; };
		7162B0F823FF305800AA84B4 /* String+Extension.swift in Sources */ = {isa = PBXBuildFile; fileRef = 7162B0F623FF305800AA84B4 /* String+Extension.swift */; };
		7162B1002402EFE800AA84B4 /* URL+Extension.swift in Sources */ = {isa = PBXBuildFile; fileRef = 7162B0FF2402EFE800AA84B4 /* URL+Extension.swift */; };
		7162B1062402F81400AA84B4 /* SceneDelegate.swift in Sources */ = {isa = PBXBuildFile; fileRef = 7162B1052402F81400AA84B4 /* SceneDelegate.swift */; };
		7162B109240369FC00AA84B4 /* Color.swift in Sources */ = {isa = PBXBuildFile; fileRef = 7162B108240369FC00AA84B4 /* Color.swift */; };
		7162B10C24036A3A00AA84B4 /* Font.swift in Sources */ = {isa = PBXBuildFile; fileRef = 7162B10A24036A3A00AA84B4 /* Font.swift */; };
		7162B10D24036A3A00AA84B4 /* Loader.swift in Sources */ = {isa = PBXBuildFile; fileRef = 7162B10B24036A3A00AA84B4 /* Loader.swift */; };
		7162B10F24036AA000AA84B4 /* RoundedButton.swift in Sources */ = {isa = PBXBuildFile; fileRef = 7162B10E24036AA000AA84B4 /* RoundedButton.swift */; };
		7162B11124036E5D00AA84B4 /* ListController.swift in Sources */ = {isa = PBXBuildFile; fileRef = 7162B11024036E5D00AA84B4 /* ListController.swift */; };
		7162B11324036E7A00AA84B4 /* ListViewModel.swift in Sources */ = {isa = PBXBuildFile; fileRef = 7162B11224036E7A00AA84B4 /* ListViewModel.swift */; };
		7162B11524036F0800AA84B4 /* State.swift in Sources */ = {isa = PBXBuildFile; fileRef = 7162B11424036F0800AA84B4 /* State.swift */; };
		7162B1172404173000AA84B4 /* UIView+Extension.swift in Sources */ = {isa = PBXBuildFile; fileRef = 7162B1162404173000AA84B4 /* UIView+Extension.swift */; };
		71D81DC0240419B3003ACFCA /* HomeControllerTests.swift in Sources */ = {isa = PBXBuildFile; fileRef = 71D81DBF240419B3003ACFCA /* HomeControllerTests.swift */; };
		71D81DC2240422E0003ACFCA /* SegueIdentifier.swift in Sources */ = {isa = PBXBuildFile; fileRef = 71D81DC1240422E0003ACFCA /* SegueIdentifier.swift */; };
		71D81DC72404257B003ACFCA /* NotificationCenter+Exntesion.swift in Sources */ = {isa = PBXBuildFile; fileRef = 71D81DC62404257B003ACFCA /* NotificationCenter+Exntesion.swift */; };
		71D81DC8240425C8003ACFCA /* NotificationCenter+Exntesion.swift in Sources */ = {isa = PBXBuildFile; fileRef = 71D81DC62404257B003ACFCA /* NotificationCenter+Exntesion.swift */; };
		71D81DCE2406C901003ACFCA /* ListTableCell.swift in Sources */ = {isa = PBXBuildFile; fileRef = 71D81DCD2406C901003ACFCA /* ListTableCell.swift */; };
		71D9691724089A66005EC0A5 /* ListControllerTests.swift in Sources */ = {isa = PBXBuildFile; fileRef = 71D9691624089A66005EC0A5 /* ListControllerTests.swift */; };
		71D9691B240922EB005EC0A5 /* ItemTypeEnum.swift in Sources */ = {isa = PBXBuildFile; fileRef = 71D9691A240922EB005EC0A5 /* ItemTypeEnum.swift */; };
		71D9691E24092DD8005EC0A5 /* ShowDetailController.swift in Sources */ = {isa = PBXBuildFile; fileRef = 71D9691D24092DD8005EC0A5 /* ShowDetailController.swift */; };
		71D9692024092E20005EC0A5 /* ShowDetailViewModel.swift in Sources */ = {isa = PBXBuildFile; fileRef = 71D9691F24092E20005EC0A5 /* ShowDetailViewModel.swift */; };
		71D969222409506B005EC0A5 /* ControllerIdentifier.swift in Sources */ = {isa = PBXBuildFile; fileRef = 71D969212409506B005EC0A5 /* ControllerIdentifier.swift */; };
		71D96923240950E5005EC0A5 /* ControllerIdentifier.swift in Sources */ = {isa = PBXBuildFile; fileRef = 71D969212409506B005EC0A5 /* ControllerIdentifier.swift */; };
		71D96925240953E5005EC0A5 /* XCTestCase+Extension.swift in Sources */ = {isa = PBXBuildFile; fileRef = 71D96924240953E5005EC0A5 /* XCTestCase+Extension.swift */; };
		71D9692724099102005EC0A5 /* List.storyboard in Resources */ = {isa = PBXBuildFile; fileRef = 71D9692624099102005EC0A5 /* List.storyboard */; };
		71D96929240D205F005EC0A5 /* GrayLabel.swift in Sources */ = {isa = PBXBuildFile; fileRef = 71D96928240D205F005EC0A5 /* GrayLabel.swift */; };
		71D9692B240D2676005EC0A5 /* ColorTests.swift in Sources */ = {isa = PBXBuildFile; fileRef = 71D9692A240D2676005EC0A5 /* ColorTests.swift */; };
		71D9692C240D26AF005EC0A5 /* Color.swift in Sources */ = {isa = PBXBuildFile; fileRef = 7162B108240369FC00AA84B4 /* Color.swift */; };
		71D9692E240D283B005EC0A5 /* ShowSeasonsAndEpisodesController.swift in Sources */ = {isa = PBXBuildFile; fileRef = 71D9692D240D283B005EC0A5 /* ShowSeasonsAndEpisodesController.swift */; };
		71D96930240D28CF005EC0A5 /* ShowSeasonsAndEpisodesViewModel.swift in Sources */ = {isa = PBXBuildFile; fileRef = 71D9692F240D28CF005EC0A5 /* ShowSeasonsAndEpisodesViewModel.swift */; };
		71D96932240D28FC005EC0A5 /* StatusDelegate.swift in Sources */ = {isa = PBXBuildFile; fileRef = 71D96931240D28FC005EC0A5 /* StatusDelegate.swift */; };
		71D96934240D32AC005EC0A5 /* EpisodeTableCell.swift in Sources */ = {isa = PBXBuildFile; fileRef = 71D96933240D32AC005EC0A5 /* EpisodeTableCell.swift */; };
		8800FF147D9E09263BE5877C /* Pods_ios_involves.framework in Frameworks */ = {isa = PBXBuildFile; fileRef = 5C61E5ECCCEFED1DF04AA8D2 /* Pods_ios_involves.framework */; };
		FC00BD5FB1CC8F0CB12D3D55 /* Pods_ios_involvesTests.framework in Frameworks */ = {isa = PBXBuildFile; fileRef = 83BF81E07306C08103B463E0 /* Pods_ios_involvesTests.framework */; };
/* End PBXBuildFile section */

/* Begin PBXContainerItemProxy section */
		7162B0D523FF2F5600AA84B4 /* PBXContainerItemProxy */ = {
			isa = PBXContainerItemProxy;
			containerPortal = 7162B0B623FF2F5200AA84B4 /* Project object */;
			proxyType = 1;
			remoteGlobalIDString = 7162B0BD23FF2F5200AA84B4;
			remoteInfo = "ios-involves";
		};
/* End PBXContainerItemProxy section */

/* Begin PBXFileReference section */
		346C4FEA4B5BFDBF957DD5A7 /* Pods-ios-involves-ios-involvesUITests.debug.xcconfig */ = {isa = PBXFileReference; includeInIndex = 1; lastKnownFileType = text.xcconfig; name = "Pods-ios-involves-ios-involvesUITests.debug.xcconfig"; path = "Target Support Files/Pods-ios-involves-ios-involvesUITests/Pods-ios-involves-ios-involvesUITests.debug.xcconfig"; sourceTree = "<group>"; };
		48F6373D63D22B09188D3896 /* Pods-ios-involvesTests.release.xcconfig */ = {isa = PBXFileReference; includeInIndex = 1; lastKnownFileType = text.xcconfig; name = "Pods-ios-involvesTests.release.xcconfig"; path = "Target Support Files/Pods-ios-involvesTests/Pods-ios-involvesTests.release.xcconfig"; sourceTree = "<group>"; };
		50BDB284BE8AA5ED8B29289E /* Pods_ios_involves_ios_involvesUITests.framework */ = {isa = PBXFileReference; explicitFileType = wrapper.framework; includeInIndex = 0; path = Pods_ios_involves_ios_involvesUITests.framework; sourceTree = BUILT_PRODUCTS_DIR; };
		50FE27205DC9D832E03BAFD0 /* Pods-ios-involvesTests.debug.xcconfig */ = {isa = PBXFileReference; includeInIndex = 1; lastKnownFileType = text.xcconfig; name = "Pods-ios-involvesTests.debug.xcconfig"; path = "Target Support Files/Pods-ios-involvesTests/Pods-ios-involvesTests.debug.xcconfig"; sourceTree = "<group>"; };
		54B67972F4E6A0DFA5931AF1 /* Pods-ios-involves.debug.xcconfig */ = {isa = PBXFileReference; includeInIndex = 1; lastKnownFileType = text.xcconfig; name = "Pods-ios-involves.debug.xcconfig"; path = "Target Support Files/Pods-ios-involves/Pods-ios-involves.debug.xcconfig"; sourceTree = "<group>"; };
		5C61E5ECCCEFED1DF04AA8D2 /* Pods_ios_involves.framework */ = {isa = PBXFileReference; explicitFileType = wrapper.framework; includeInIndex = 0; path = Pods_ios_involves.framework; sourceTree = BUILT_PRODUCTS_DIR; };
		7121B742240D87B9002FFCC0 /* ListViewModelTests.swift */ = {isa = PBXFileReference; lastKnownFileType = sourcecode.swift; path = ListViewModelTests.swift; sourceTree = "<group>"; };
		7121B74A240D8CB3002FFCC0 /* ListDetailControllerTests.swift */ = {isa = PBXFileReference; lastKnownFileType = sourcecode.swift; path = ListDetailControllerTests.swift; sourceTree = "<group>"; };
		7121B74C240E7221002FFCC0 /* ListDetailViewModelTests.swift */ = {isa = PBXFileReference; lastKnownFileType = sourcecode.swift; path = ListDetailViewModelTests.swift; sourceTree = "<group>"; };
		714E1F922406CA8A008B52DF /* Localizable.strings */ = {isa = PBXFileReference; lastKnownFileType = text.plist.strings; path = Localizable.strings; sourceTree = "<group>"; };
		714E1F952406CF3E008B52DF /* WatchingSeriesListController.swift */ = {isa = PBXFileReference; lastKnownFileType = sourcecode.swift; path = WatchingSeriesListController.swift; sourceTree = "<group>"; };
		714E1F992406CF5C008B52DF /* WatchingSeriesViewModel.swift */ = {isa = PBXFileReference; lastKnownFileType = sourcecode.swift; path = WatchingSeriesViewModel.swift; sourceTree = "<group>"; };
		714E1F9B2406D47A008B52DF /* ListDetailController.swift */ = {isa = PBXFileReference; lastKnownFileType = sourcecode.swift; path = ListDetailController.swift; sourceTree = "<group>"; };
		714E1F9D2406D509008B52DF /* ListDetailViewModel.swift */ = {isa = PBXFileReference; lastKnownFileType = sourcecode.swift; path = ListDetailViewModel.swift; sourceTree = "<group>"; };
		714E1F9F2408504A008B52DF /* ListDetailTableCell.swift */ = {isa = PBXFileReference; lastKnownFileType = sourcecode.swift; path = ListDetailTableCell.swift; sourceTree = "<group>"; };
		7162B0BE23FF2F5200AA84B4 /* ios-involves.app */ = {isa = PBXFileReference; explicitFileType = wrapper.application; includeInIndex = 0; path = "ios-involves.app"; sourceTree = BUILT_PRODUCTS_DIR; };
		7162B0C123FF2F5200AA84B4 /* AppDelegate.swift */ = {isa = PBXFileReference; lastKnownFileType = sourcecode.swift; path = AppDelegate.swift; sourceTree = "<group>"; };
		7162B0C523FF2F5200AA84B4 /* HomeViewController.swift */ = {isa = PBXFileReference; lastKnownFileType = sourcecode.swift; path = HomeViewController.swift; sourceTree = "<group>"; };
		7162B0C823FF2F5200AA84B4 /* Base */ = {isa = PBXFileReference; lastKnownFileType = file.storyboard; name = Base; path = Base.lproj/Main.storyboard; sourceTree = "<group>"; };
		7162B0CA23FF2F5500AA84B4 /* Assets.xcassets */ = {isa = PBXFileReference; lastKnownFileType = folder.assetcatalog; path = Assets.xcassets; sourceTree = "<group>"; };
		7162B0CD23FF2F5500AA84B4 /* Base */ = {isa = PBXFileReference; lastKnownFileType = file.storyboard; name = Base; path = Base.lproj/LaunchScreen.storyboard; sourceTree = "<group>"; };
		7162B0CF23FF2F5500AA84B4 /* Info.plist */ = {isa = PBXFileReference; lastKnownFileType = text.plist.xml; path = Info.plist; sourceTree = "<group>"; };
		7162B0D423FF2F5600AA84B4 /* ios-involvesTests.xctest */ = {isa = PBXFileReference; explicitFileType = wrapper.cfbundle; includeInIndex = 0; path = "ios-involvesTests.xctest"; sourceTree = BUILT_PRODUCTS_DIR; };
		7162B0DA23FF2F5600AA84B4 /* Info.plist */ = {isa = PBXFileReference; lastKnownFileType = text.plist.xml; path = Info.plist; sourceTree = "<group>"; };
		7162B0F523FF305800AA84B4 /* UIViewController+Extension.swift */ = {isa = PBXFileReference; fileEncoding = 4; lastKnownFileType = sourcecode.swift; path = "UIViewController+Extension.swift"; sourceTree = "<group>"; };
		7162B0F623FF305800AA84B4 /* String+Extension.swift */ = {isa = PBXFileReference; fileEncoding = 4; lastKnownFileType = sourcecode.swift; path = "String+Extension.swift"; sourceTree = "<group>"; };
		7162B0FF2402EFE800AA84B4 /* URL+Extension.swift */ = {isa = PBXFileReference; lastKnownFileType = sourcecode.swift; path = "URL+Extension.swift"; sourceTree = "<group>"; };
		7162B1052402F81400AA84B4 /* SceneDelegate.swift */ = {isa = PBXFileReference; fileEncoding = 4; lastKnownFileType = sourcecode.swift; path = SceneDelegate.swift; sourceTree = "<group>"; };
		7162B108240369FC00AA84B4 /* Color.swift */ = {isa = PBXFileReference; fileEncoding = 4; lastKnownFileType = sourcecode.swift; path = Color.swift; sourceTree = "<group>"; };
		7162B10A24036A3A00AA84B4 /* Font.swift */ = {isa = PBXFileReference; fileEncoding = 4; lastKnownFileType = sourcecode.swift; path = Font.swift; sourceTree = "<group>"; };
		7162B10B24036A3A00AA84B4 /* Loader.swift */ = {isa = PBXFileReference; fileEncoding = 4; lastKnownFileType = sourcecode.swift; path = Loader.swift; sourceTree = "<group>"; };
		7162B10E24036AA000AA84B4 /* RoundedButton.swift */ = {isa = PBXFileReference; fileEncoding = 4; lastKnownFileType = sourcecode.swift; path = RoundedButton.swift; sourceTree = "<group>"; };
		7162B11024036E5D00AA84B4 /* ListController.swift */ = {isa = PBXFileReference; lastKnownFileType = sourcecode.swift; path = ListController.swift; sourceTree = "<group>"; };
		7162B11224036E7A00AA84B4 /* ListViewModel.swift */ = {isa = PBXFileReference; lastKnownFileType = sourcecode.swift; path = ListViewModel.swift; sourceTree = "<group>"; };
		7162B11424036F0800AA84B4 /* State.swift */ = {isa = PBXFileReference; lastKnownFileType = sourcecode.swift; path = State.swift; sourceTree = "<group>"; };
		7162B1162404173000AA84B4 /* UIView+Extension.swift */ = {isa = PBXFileReference; lastKnownFileType = sourcecode.swift; path = "UIView+Extension.swift"; sourceTree = "<group>"; };
		71D81DBF240419B3003ACFCA /* HomeControllerTests.swift */ = {isa = PBXFileReference; lastKnownFileType = sourcecode.swift; path = HomeControllerTests.swift; sourceTree = "<group>"; };
		71D81DC1240422E0003ACFCA /* SegueIdentifier.swift */ = {isa = PBXFileReference; lastKnownFileType = sourcecode.swift; path = SegueIdentifier.swift; sourceTree = "<group>"; };
		71D81DC62404257B003ACFCA /* NotificationCenter+Exntesion.swift */ = {isa = PBXFileReference; lastKnownFileType = sourcecode.swift; path = "NotificationCenter+Exntesion.swift"; sourceTree = "<group>"; };
		71D81DCD2406C901003ACFCA /* ListTableCell.swift */ = {isa = PBXFileReference; lastKnownFileType = sourcecode.swift; path = ListTableCell.swift; sourceTree = "<group>"; };
		71D9691624089A66005EC0A5 /* ListControllerTests.swift */ = {isa = PBXFileReference; lastKnownFileType = sourcecode.swift; path = ListControllerTests.swift; sourceTree = "<group>"; };
		71D9691A240922EB005EC0A5 /* ItemTypeEnum.swift */ = {isa = PBXFileReference; lastKnownFileType = sourcecode.swift; path = ItemTypeEnum.swift; sourceTree = "<group>"; };
		71D9691D24092DD8005EC0A5 /* ShowDetailController.swift */ = {isa = PBXFileReference; lastKnownFileType = sourcecode.swift; path = ShowDetailController.swift; sourceTree = "<group>"; };
		71D9691F24092E20005EC0A5 /* ShowDetailViewModel.swift */ = {isa = PBXFileReference; lastKnownFileType = sourcecode.swift; path = ShowDetailViewModel.swift; sourceTree = "<group>"; };
		71D969212409506B005EC0A5 /* ControllerIdentifier.swift */ = {isa = PBXFileReference; lastKnownFileType = sourcecode.swift; path = ControllerIdentifier.swift; sourceTree = "<group>"; };
		71D96924240953E5005EC0A5 /* XCTestCase+Extension.swift */ = {isa = PBXFileReference; lastKnownFileType = sourcecode.swift; path = "XCTestCase+Extension.swift"; sourceTree = "<group>"; };
		71D9692624099102005EC0A5 /* List.storyboard */ = {isa = PBXFileReference; lastKnownFileType = file.storyboard; path = List.storyboard; sourceTree = "<group>"; };
		71D96928240D205F005EC0A5 /* GrayLabel.swift */ = {isa = PBXFileReference; lastKnownFileType = sourcecode.swift; path = GrayLabel.swift; sourceTree = "<group>"; };
		71D9692A240D2676005EC0A5 /* ColorTests.swift */ = {isa = PBXFileReference; lastKnownFileType = sourcecode.swift; path = ColorTests.swift; sourceTree = "<group>"; };
		71D9692D240D283B005EC0A5 /* ShowSeasonsAndEpisodesController.swift */ = {isa = PBXFileReference; lastKnownFileType = sourcecode.swift; path = ShowSeasonsAndEpisodesController.swift; sourceTree = "<group>"; };
		71D9692F240D28CF005EC0A5 /* ShowSeasonsAndEpisodesViewModel.swift */ = {isa = PBXFileReference; lastKnownFileType = sourcecode.swift; path = ShowSeasonsAndEpisodesViewModel.swift; sourceTree = "<group>"; };
		71D96931240D28FC005EC0A5 /* StatusDelegate.swift */ = {isa = PBXFileReference; lastKnownFileType = sourcecode.swift; path = StatusDelegate.swift; sourceTree = "<group>"; };
		71D96933240D32AC005EC0A5 /* EpisodeTableCell.swift */ = {isa = PBXFileReference; lastKnownFileType = sourcecode.swift; path = EpisodeTableCell.swift; sourceTree = "<group>"; };
		83BF81E07306C08103B463E0 /* Pods_ios_involvesTests.framework */ = {isa = PBXFileReference; explicitFileType = wrapper.framework; includeInIndex = 0; path = Pods_ios_involvesTests.framework; sourceTree = BUILT_PRODUCTS_DIR; };
		E9DE11EC0C0FCDEDB0AB4786 /* Pods-ios-involves-ios-involvesUITests.release.xcconfig */ = {isa = PBXFileReference; includeInIndex = 1; lastKnownFileType = text.xcconfig; name = "Pods-ios-involves-ios-involvesUITests.release.xcconfig"; path = "Target Support Files/Pods-ios-involves-ios-involvesUITests/Pods-ios-involves-ios-involvesUITests.release.xcconfig"; sourceTree = "<group>"; };
		EAEC2F75B14BA596CE17E05A /* Pods-ios-involves.release.xcconfig */ = {isa = PBXFileReference; includeInIndex = 1; lastKnownFileType = text.xcconfig; name = "Pods-ios-involves.release.xcconfig"; path = "Target Support Files/Pods-ios-involves/Pods-ios-involves.release.xcconfig"; sourceTree = "<group>"; };
/* End PBXFileReference section */

/* Begin PBXFrameworksBuildPhase section */
		7162B0BB23FF2F5200AA84B4 /* Frameworks */ = {
			isa = PBXFrameworksBuildPhase;
			buildActionMask = 2147483647;
			files = (
				8800FF147D9E09263BE5877C /* Pods_ios_involves.framework in Frameworks */,
			);
			runOnlyForDeploymentPostprocessing = 0;
		};
		7162B0D123FF2F5600AA84B4 /* Frameworks */ = {
			isa = PBXFrameworksBuildPhase;
			buildActionMask = 2147483647;
			files = (
				FC00BD5FB1CC8F0CB12D3D55 /* Pods_ios_involvesTests.framework in Frameworks */,
			);
			runOnlyForDeploymentPostprocessing = 0;
		};
/* End PBXFrameworksBuildPhase section */

/* Begin PBXGroup section */
		158662FAFA74CC4A7BB6948C /* Frameworks */ = {
			isa = PBXGroup;
			children = (
				5C61E5ECCCEFED1DF04AA8D2 /* Pods_ios_involves.framework */,
				50BDB284BE8AA5ED8B29289E /* Pods_ios_involves_ios_involvesUITests.framework */,
				83BF81E07306C08103B463E0 /* Pods_ios_involvesTests.framework */,
			);
			name = Frameworks;
			sourceTree = "<group>";
		};
		60C5DFAD93202FEC0A7FFFD0 /* Pods */ = {
			isa = PBXGroup;
			children = (
				54B67972F4E6A0DFA5931AF1 /* Pods-ios-involves.debug.xcconfig */,
				EAEC2F75B14BA596CE17E05A /* Pods-ios-involves.release.xcconfig */,
				346C4FEA4B5BFDBF957DD5A7 /* Pods-ios-involves-ios-involvesUITests.debug.xcconfig */,
				E9DE11EC0C0FCDEDB0AB4786 /* Pods-ios-involves-ios-involvesUITests.release.xcconfig */,
				50FE27205DC9D832E03BAFD0 /* Pods-ios-involvesTests.debug.xcconfig */,
				48F6373D63D22B09188D3896 /* Pods-ios-involvesTests.release.xcconfig */,
			);
			path = Pods;
			sourceTree = "<group>";
		};
		7121B741240D8797002FFCC0 /* ViewModel */ = {
			isa = PBXGroup;
			children = (
				7121B742240D87B9002FFCC0 /* ListViewModelTests.swift */,
				7121B74C240E7221002FFCC0 /* ListDetailViewModelTests.swift */,
			);
			path = ViewModel;
			sourceTree = "<group>";
		};
		7121B746240D8C46002FFCC0 /* ScenesOrFunctionalities */ = {
			isa = PBXGroup;
			children = (
				7121B748240D8C70002FFCC0 /* Home */,
				7121B747240D8C6A002FFCC0 /* List */,
			);
			path = ScenesOrFunctionalities;
			sourceTree = "<group>";
		};
		7121B747240D8C6A002FFCC0 /* List */ = {
			isa = PBXGroup;
			children = (
				7121B741240D8797002FFCC0 /* ViewModel */,
				71D96936240D5611005EC0A5 /* View */,
			);
			path = List;
			sourceTree = "<group>";
		};
		7121B748240D8C70002FFCC0 /* Home */ = {
			isa = PBXGroup;
			children = (
				7121B749240D8C76002FFCC0 /* View */,
			);
			path = Home;
			sourceTree = "<group>";
		};
		7121B749240D8C76002FFCC0 /* View */ = {
			isa = PBXGroup;
			children = (
				71D81DBF240419B3003ACFCA /* HomeControllerTests.swift */,
			);
			path = View;
			sourceTree = "<group>";
		};
		714E1F942406CF1E008B52DF /* SeriesWatching */ = {
			isa = PBXGroup;
			children = (
				714E1F982406CF4F008B52DF /* ViewModel */,
				714E1F972406CF46008B52DF /* View */,
			);
			path = SeriesWatching;
			sourceTree = "<group>";
		};
		714E1F972406CF46008B52DF /* View */ = {
			isa = PBXGroup;
			children = (
				714E1F952406CF3E008B52DF /* WatchingSeriesListController.swift */,
			);
			path = View;
			sourceTree = "<group>";
		};
		714E1F982406CF4F008B52DF /* ViewModel */ = {
			isa = PBXGroup;
			children = (
				714E1F992406CF5C008B52DF /* WatchingSeriesViewModel.swift */,
			);
			path = ViewModel;
			sourceTree = "<group>";
		};
		714E1FA12408841D008B52DF /* Cells */ = {
			isa = PBXGroup;
			children = (
				71D81DCD2406C901003ACFCA /* ListTableCell.swift */,
				714E1F9F2408504A008B52DF /* ListDetailTableCell.swift */,
				71D96933240D32AC005EC0A5 /* EpisodeTableCell.swift */,
			);
			path = Cells;
			sourceTree = "<group>";
		};
		7162B0B523FF2F5100AA84B4 = {
			isa = PBXGroup;
			children = (
				7162B0C023FF2F5200AA84B4 /* ios-involves */,
				7162B0D723FF2F5600AA84B4 /* ios-involvesTests */,
				7162B0BF23FF2F5200AA84B4 /* Products */,
				60C5DFAD93202FEC0A7FFFD0 /* Pods */,
				158662FAFA74CC4A7BB6948C /* Frameworks */,
			);
			sourceTree = "<group>";
		};
		7162B0BF23FF2F5200AA84B4 /* Products */ = {
			isa = PBXGroup;
			children = (
				7162B0BE23FF2F5200AA84B4 /* ios-involves.app */,
				7162B0D423FF2F5600AA84B4 /* ios-involvesTests.xctest */,
			);
			name = Products;
			sourceTree = "<group>";
		};
		7162B0C023FF2F5200AA84B4 /* ios-involves */ = {
			isa = PBXGroup;
			children = (
				7162B0F423FF2FD500AA84B4 /* ScenesOrFunctionalities */,
				7162B0F323FF2FB000AA84B4 /* SupportResources */,
				7162B0F223FF2FA200AA84B4 /* Extension */,
				7162B0F123FF2F9200AA84B4 /* Application */,
				7162B0CF23FF2F5500AA84B4 /* Info.plist */,
			);
			path = "ios-involves";
			sourceTree = "<group>";
		};
		7162B0D723FF2F5600AA84B4 /* ios-involvesTests */ = {
			isa = PBXGroup;
			children = (
				7121B746240D8C46002FFCC0 /* ScenesOrFunctionalities */,
				71D96937240D5621005EC0A5 /* Others */,
				71D96935240D5606005EC0A5 /* Extension */,
				7162B0DA23FF2F5600AA84B4 /* Info.plist */,
			);
			path = "ios-involvesTests";
			sourceTree = "<group>";
		};
		7162B0F123FF2F9200AA84B4 /* Application */ = {
			isa = PBXGroup;
			children = (
				7162B1052402F81400AA84B4 /* SceneDelegate.swift */,
				7162B0C123FF2F5200AA84B4 /* AppDelegate.swift */,
			);
			path = Application;
			sourceTree = "<group>";
		};
		7162B0F223FF2FA200AA84B4 /* Extension */ = {
			isa = PBXGroup;
			children = (
				7162B0F623FF305800AA84B4 /* String+Extension.swift */,
				7162B0F523FF305800AA84B4 /* UIViewController+Extension.swift */,
				7162B0FF2402EFE800AA84B4 /* URL+Extension.swift */,
				7162B1162404173000AA84B4 /* UIView+Extension.swift */,
				71D81DC62404257B003ACFCA /* NotificationCenter+Exntesion.swift */,
			);
			path = Extension;
			sourceTree = "<group>";
		};
		7162B0F323FF2FB000AA84B4 /* SupportResources */ = {
			isa = PBXGroup;
			children = (
				7162B0CA23FF2F5500AA84B4 /* Assets.xcassets */,
				7162B0CC23FF2F5500AA84B4 /* LaunchScreen.storyboard */,
				7162B108240369FC00AA84B4 /* Color.swift */,
				7162B11424036F0800AA84B4 /* State.swift */,
				71D81DC1240422E0003ACFCA /* SegueIdentifier.swift */,
				71D969212409506B005EC0A5 /* ControllerIdentifier.swift */,
				71D96931240D28FC005EC0A5 /* StatusDelegate.swift */,
				714E1F922406CA8A008B52DF /* Localizable.strings */,
			);
			path = SupportResources;
			sourceTree = "<group>";
		};
		7162B0F423FF2FD500AA84B4 /* ScenesOrFunctionalities */ = {
			isa = PBXGroup;
			children = (
				71D9691C24092A36005EC0A5 /* Home */,
				714E1F942406CF1E008B52DF /* SeriesWatching */,
				71D81DC92406C8B1003ACFCA /* List */,
				7162B107240369C700AA84B4 /* ReusableElements */,
			);
			path = ScenesOrFunctionalities;
			sourceTree = "<group>";
		};
		7162B0FC23FF33D200AA84B4 /* Model */ = {
			isa = PBXGroup;
			children = (
				71D9691A240922EB005EC0A5 /* ItemTypeEnum.swift */,
			);
			path = Model;
			sourceTree = "<group>";
		};
		7162B1012402F04D00AA84B4 /* View */ = {
			isa = PBXGroup;
			children = (
				7162B0C723FF2F5200AA84B4 /* Main.storyboard */,
				7162B0C523FF2F5200AA84B4 /* HomeViewController.swift */,
			);
			path = View;
			sourceTree = "<group>";
		};
		7162B107240369C700AA84B4 /* ReusableElements */ = {
			isa = PBXGroup;
			children = (
				7162B10E24036AA000AA84B4 /* RoundedButton.swift */,
				71D96928240D205F005EC0A5 /* GrayLabel.swift */,
				7162B10A24036A3A00AA84B4 /* Font.swift */,
				7162B10B24036A3A00AA84B4 /* Loader.swift */,
			);
			path = ReusableElements;
			sourceTree = "<group>";
		};
		71D81DC92406C8B1003ACFCA /* List */ = {
			isa = PBXGroup;
			children = (
				71D81DCC2406C8DB003ACFCA /* View */,
				71D81DCA2406C8D0003ACFCA /* ViewModel */,
			);
			path = List;
			sourceTree = "<group>";
		};
		71D81DCA2406C8D0003ACFCA /* ViewModel */ = {
			isa = PBXGroup;
			children = (
				7162B11224036E7A00AA84B4 /* ListViewModel.swift */,
				714E1F9D2406D509008B52DF /* ListDetailViewModel.swift */,
				71D9691F24092E20005EC0A5 /* ShowDetailViewModel.swift */,
				71D9692F240D28CF005EC0A5 /* ShowSeasonsAndEpisodesViewModel.swift */,
			);
			path = ViewModel;
			sourceTree = "<group>";
		};
		71D81DCC2406C8DB003ACFCA /* View */ = {
			isa = PBXGroup;
			children = (
				71D9692624099102005EC0A5 /* List.storyboard */,
				714E1FA12408841D008B52DF /* Cells */,
				7162B11024036E5D00AA84B4 /* ListController.swift */,
				714E1F9B2406D47A008B52DF /* ListDetailController.swift */,
				71D9691D24092DD8005EC0A5 /* ShowDetailController.swift */,
				71D9692D240D283B005EC0A5 /* ShowSeasonsAndEpisodesController.swift */,
			);
			path = View;
			sourceTree = "<group>";
		};
		71D9691C24092A36005EC0A5 /* Home */ = {
			isa = PBXGroup;
			children = (
				7162B1012402F04D00AA84B4 /* View */,
				7162B0FC23FF33D200AA84B4 /* Model */,
			);
			path = Home;
			sourceTree = "<group>";
		};
		71D96935240D5606005EC0A5 /* Extension */ = {
			isa = PBXGroup;
			children = (
				71D96924240953E5005EC0A5 /* XCTestCase+Extension.swift */,
			);
			path = Extension;
			sourceTree = "<group>";
		};
		71D96936240D5611005EC0A5 /* View */ = {
			isa = PBXGroup;
			children = (
				71D9691624089A66005EC0A5 /* ListControllerTests.swift */,
				7121B74A240D8CB3002FFCC0 /* ListDetailControllerTests.swift */,
			);
			path = View;
			sourceTree = "<group>";
		};
		71D96937240D5621005EC0A5 /* Others */ = {
			isa = PBXGroup;
			children = (
				71D9692A240D2676005EC0A5 /* ColorTests.swift */,
			);
			path = Others;
			sourceTree = "<group>";
		};
/* End PBXGroup section */

/* Begin PBXNativeTarget section */
		7162B0BD23FF2F5200AA84B4 /* ios-involves */ = {
			isa = PBXNativeTarget;
			buildConfigurationList = 7162B0E823FF2F5600AA84B4 /* Build configuration list for PBXNativeTarget "ios-involves" */;
			buildPhases = (
				542F2F288BCA8A51FA7C3389 /* [CP] Check Pods Manifest.lock */,
				7162B0BA23FF2F5200AA84B4 /* Sources */,
				7162B0BB23FF2F5200AA84B4 /* Frameworks */,
				7162B0BC23FF2F5200AA84B4 /* Resources */,
				0E9861C070FBAB0111CF63B5 /* [CP] Embed Pods Frameworks */,
			);
			buildRules = (
			);
			dependencies = (
			);
			name = "ios-involves";
			packageProductDependencies = (
			);
			productName = "ios-involves";
			productReference = 7162B0BE23FF2F5200AA84B4 /* ios-involves.app */;
			productType = "com.apple.product-type.application";
		};
		7162B0D323FF2F5600AA84B4 /* ios-involvesTests */ = {
			isa = PBXNativeTarget;
			buildConfigurationList = 7162B0EB23FF2F5600AA84B4 /* Build configuration list for PBXNativeTarget "ios-involvesTests" */;
			buildPhases = (
				46597927E0F68C4803D2E7F3 /* [CP] Check Pods Manifest.lock */,
				7162B0D023FF2F5600AA84B4 /* Sources */,
				7162B0D123FF2F5600AA84B4 /* Frameworks */,
				7162B0D223FF2F5600AA84B4 /* Resources */,
			);
			buildRules = (
			);
			dependencies = (
				7162B0D623FF2F5600AA84B4 /* PBXTargetDependency */,
			);
			name = "ios-involvesTests";
			productName = "ios-involvesTests";
			productReference = 7162B0D423FF2F5600AA84B4 /* ios-involvesTests.xctest */;
			productType = "com.apple.product-type.bundle.unit-test";
		};
/* End PBXNativeTarget section */

/* Begin PBXProject section */
		7162B0B623FF2F5200AA84B4 /* Project object */ = {
			isa = PBXProject;
			attributes = {
				LastSwiftUpdateCheck = 1130;
				LastUpgradeCheck = 1130;
				ORGANIZATIONNAME = "Danilo Pena";
				TargetAttributes = {
					7162B0BD23FF2F5200AA84B4 = {
						CreatedOnToolsVersion = 11.3.1;
					};
					7162B0D323FF2F5600AA84B4 = {
						CreatedOnToolsVersion = 11.3.1;
						TestTargetID = 7162B0BD23FF2F5200AA84B4;
					};
				};
			};
			buildConfigurationList = 7162B0B923FF2F5200AA84B4 /* Build configuration list for PBXProject "ios-involves" */;
			compatibilityVersion = "Xcode 9.3";
			developmentRegion = en;
			hasScannedForEncodings = 0;
			knownRegions = (
				en,
				Base,
			);
			mainGroup = 7162B0B523FF2F5100AA84B4;
			packageReferences = (
			);
			productRefGroup = 7162B0BF23FF2F5200AA84B4 /* Products */;
			projectDirPath = "";
			projectRoot = "";
			targets = (
				7162B0BD23FF2F5200AA84B4 /* ios-involves */,
				7162B0D323FF2F5600AA84B4 /* ios-involvesTests */,
			);
		};
/* End PBXProject section */

/* Begin PBXResourcesBuildPhase section */
		7162B0BC23FF2F5200AA84B4 /* Resources */ = {
			isa = PBXResourcesBuildPhase;
			buildActionMask = 2147483647;
			files = (
				7162B0CE23FF2F5500AA84B4 /* LaunchScreen.storyboard in Resources */,
				714E1F932406CA8A008B52DF /* Localizable.strings in Resources */,
				71D9692724099102005EC0A5 /* List.storyboard in Resources */,
				7162B0CB23FF2F5500AA84B4 /* Assets.xcassets in Resources */,
				7162B0C923FF2F5200AA84B4 /* Main.storyboard in Resources */,
			);
			runOnlyForDeploymentPostprocessing = 0;
		};
		7162B0D223FF2F5600AA84B4 /* Resources */ = {
			isa = PBXResourcesBuildPhase;
			buildActionMask = 2147483647;
			files = (
			);
			runOnlyForDeploymentPostprocessing = 0;
		};
/* End PBXResourcesBuildPhase section */

/* Begin PBXShellScriptBuildPhase section */
		0E9861C070FBAB0111CF63B5 /* [CP] Embed Pods Frameworks */ = {
			isa = PBXShellScriptBuildPhase;
			buildActionMask = 2147483647;
			files = (
			);
			inputFileListPaths = (
				"${PODS_ROOT}/Target Support Files/Pods-ios-involves/Pods-ios-involves-frameworks-${CONFIGURATION}-input-files.xcfilelist",
			);
			name = "[CP] Embed Pods Frameworks";
			outputFileListPaths = (
				"${PODS_ROOT}/Target Support Files/Pods-ios-involves/Pods-ios-involves-frameworks-${CONFIGURATION}-output-files.xcfilelist",
			);
			runOnlyForDeploymentPostprocessing = 0;
			shellPath = /bin/sh;
			shellScript = "\"${PODS_ROOT}/Target Support Files/Pods-ios-involves/Pods-ios-involves-frameworks.sh\"\n";
			showEnvVarsInLog = 0;
		};
		46597927E0F68C4803D2E7F3 /* [CP] Check Pods Manifest.lock */ = {
			isa = PBXShellScriptBuildPhase;
			buildActionMask = 2147483647;
			files = (
			);
			inputFileListPaths = (
			);
			inputPaths = (
				"${PODS_PODFILE_DIR_PATH}/Podfile.lock",
				"${PODS_ROOT}/Manifest.lock",
			);
			name = "[CP] Check Pods Manifest.lock";
			outputFileListPaths = (
			);
			outputPaths = (
				"$(DERIVED_FILE_DIR)/Pods-ios-involvesTests-checkManifestLockResult.txt",
			);
			runOnlyForDeploymentPostprocessing = 0;
			shellPath = /bin/sh;
			shellScript = "diff \"${PODS_PODFILE_DIR_PATH}/Podfile.lock\" \"${PODS_ROOT}/Manifest.lock\" > /dev/null\nif [ $? != 0 ] ; then\n    # print error to STDERR\n    echo \"error: The sandbox is not in sync with the Podfile.lock. Run 'pod install' or update your CocoaPods installation.\" >&2\n    exit 1\nfi\n# This output is used by Xcode 'outputs' to avoid re-running this script phase.\necho \"SUCCESS\" > \"${SCRIPT_OUTPUT_FILE_0}\"\n";
			showEnvVarsInLog = 0;
		};
		542F2F288BCA8A51FA7C3389 /* [CP] Check Pods Manifest.lock */ = {
			isa = PBXShellScriptBuildPhase;
			buildActionMask = 2147483647;
			files = (
			);
			inputFileListPaths = (
			);
			inputPaths = (
				"${PODS_PODFILE_DIR_PATH}/Podfile.lock",
				"${PODS_ROOT}/Manifest.lock",
			);
			name = "[CP] Check Pods Manifest.lock";
			outputFileListPaths = (
			);
			outputPaths = (
				"$(DERIVED_FILE_DIR)/Pods-ios-involves-checkManifestLockResult.txt",
			);
			runOnlyForDeploymentPostprocessing = 0;
			shellPath = /bin/sh;
			shellScript = "diff \"${PODS_PODFILE_DIR_PATH}/Podfile.lock\" \"${PODS_ROOT}/Manifest.lock\" > /dev/null\nif [ $? != 0 ] ; then\n    # print error to STDERR\n    echo \"error: The sandbox is not in sync with the Podfile.lock. Run 'pod install' or update your CocoaPods installation.\" >&2\n    exit 1\nfi\n# This output is used by Xcode 'outputs' to avoid re-running this script phase.\necho \"SUCCESS\" > \"${SCRIPT_OUTPUT_FILE_0}\"\n";
			showEnvVarsInLog = 0;
		};
/* End PBXShellScriptBuildPhase section */

/* Begin PBXSourcesBuildPhase section */
		7162B0BA23FF2F5200AA84B4 /* Sources */ = {
			isa = PBXSourcesBuildPhase;
			buildActionMask = 2147483647;
			files = (
				714E1F962406CF3E008B52DF /* WatchingSeriesListController.swift in Sources */,
				7162B0F723FF305800AA84B4 /* UIViewController+Extension.swift in Sources */,
				71D9692024092E20005EC0A5 /* ShowDetailViewModel.swift in Sources */,
				71D81DCE2406C901003ACFCA /* ListTableCell.swift in Sources */,
				7162B1062402F81400AA84B4 /* SceneDelegate.swift in Sources */,
				71D9692E240D283B005EC0A5 /* ShowSeasonsAndEpisodesController.swift in Sources */,
				7162B109240369FC00AA84B4 /* Color.swift in Sources */,
				7162B1172404173000AA84B4 /* UIView+Extension.swift in Sources */,
				7162B0C623FF2F5200AA84B4 /* HomeViewController.swift in Sources */,
				714E1F9E2406D509008B52DF /* ListDetailViewModel.swift in Sources */,
				7162B11324036E7A00AA84B4 /* ListViewModel.swift in Sources */,
				714E1F9C2406D47A008B52DF /* ListDetailController.swift in Sources */,
				714E1F9A2406CF5C008B52DF /* WatchingSeriesViewModel.swift in Sources */,
				7162B11524036F0800AA84B4 /* State.swift in Sources */,
				71D96932240D28FC005EC0A5 /* StatusDelegate.swift in Sources */,
				71D96930240D28CF005EC0A5 /* ShowSeasonsAndEpisodesViewModel.swift in Sources */,
				71D81DC8240425C8003ACFCA /* NotificationCenter+Exntesion.swift in Sources */,
				7162B10D24036A3A00AA84B4 /* Loader.swift in Sources */,
				7162B10F24036AA000AA84B4 /* RoundedButton.swift in Sources */,
				714E1FA02408504A008B52DF /* ListDetailTableCell.swift in Sources */,
				7162B0C223FF2F5200AA84B4 /* AppDelegate.swift in Sources */,
				7162B11124036E5D00AA84B4 /* ListController.swift in Sources */,
				71D81DC2240422E0003ACFCA /* SegueIdentifier.swift in Sources */,
				7162B0F823FF305800AA84B4 /* String+Extension.swift in Sources */,
				71D9691B240922EB005EC0A5 /* ItemTypeEnum.swift in Sources */,
				71D969222409506B005EC0A5 /* ControllerIdentifier.swift in Sources */,
				71D96934240D32AC005EC0A5 /* EpisodeTableCell.swift in Sources */,
				71D9691E24092DD8005EC0A5 /* ShowDetailController.swift in Sources */,
				7162B10C24036A3A00AA84B4 /* Font.swift in Sources */,
				7162B1002402EFE800AA84B4 /* URL+Extension.swift in Sources */,
				71D96929240D205F005EC0A5 /* GrayLabel.swift in Sources */,
			);
			runOnlyForDeploymentPostprocessing = 0;
		};
		7162B0D023FF2F5600AA84B4 /* Sources */ = {
			isa = PBXSourcesBuildPhase;
			buildActionMask = 2147483647;
			files = (
				71D96923240950E5005EC0A5 /* ControllerIdentifier.swift in Sources */,
				71D9692B240D2676005EC0A5 /* ColorTests.swift in Sources */,
				71D9692C240D26AF005EC0A5 /* Color.swift in Sources */,
				71D9691724089A66005EC0A5 /* ListControllerTests.swift in Sources */,
				71D81DC0240419B3003ACFCA /* HomeControllerTests.swift in Sources */,
				7121B74B240D8CB3002FFCC0 /* ListDetailControllerTests.swift in Sources */,
				7121B743240D87B9002FFCC0 /* ListViewModelTests.swift in Sources */,
				7121B74D240E7221002FFCC0 /* ListDetailViewModelTests.swift in Sources */,
				71D81DC72404257B003ACFCA /* NotificationCenter+Exntesion.swift in Sources */,
				71D96925240953E5005EC0A5 /* XCTestCase+Extension.swift in Sources */,
			);
			runOnlyForDeploymentPostprocessing = 0;
		};
/* End PBXSourcesBuildPhase section */

/* Begin PBXTargetDependency section */
		7162B0D623FF2F5600AA84B4 /* PBXTargetDependency */ = {
			isa = PBXTargetDependency;
			target = 7162B0BD23FF2F5200AA84B4 /* ios-involves */;
			targetProxy = 7162B0D523FF2F5600AA84B4 /* PBXContainerItemProxy */;
		};
/* End PBXTargetDependency section */

/* Begin PBXVariantGroup section */
		7162B0C723FF2F5200AA84B4 /* Main.storyboard */ = {
			isa = PBXVariantGroup;
			children = (
				7162B0C823FF2F5200AA84B4 /* Base */,
			);
			name = Main.storyboard;
			sourceTree = "<group>";
		};
		7162B0CC23FF2F5500AA84B4 /* LaunchScreen.storyboard */ = {
			isa = PBXVariantGroup;
			children = (
				7162B0CD23FF2F5500AA84B4 /* Base */,
			);
			name = LaunchScreen.storyboard;
			sourceTree = "<group>";
		};
/* End PBXVariantGroup section */

/* Begin XCBuildConfiguration section */
		7162B0E623FF2F5600AA84B4 /* Debug */ = {
			isa = XCBuildConfiguration;
			buildSettings = {
				ALWAYS_SEARCH_USER_PATHS = NO;
				CLANG_ANALYZER_NONNULL = YES;
				CLANG_ANALYZER_NUMBER_OBJECT_CONVERSION = YES_AGGRESSIVE;
				CLANG_CXX_LANGUAGE_STANDARD = "gnu++14";
				CLANG_CXX_LIBRARY = "libc++";
				CLANG_ENABLE_MODULES = YES;
				CLANG_ENABLE_OBJC_ARC = YES;
				CLANG_ENABLE_OBJC_WEAK = YES;
				CLANG_WARN_BLOCK_CAPTURE_AUTORELEASING = YES;
				CLANG_WARN_BOOL_CONVERSION = YES;
				CLANG_WARN_COMMA = YES;
				CLANG_WARN_CONSTANT_CONVERSION = YES;
				CLANG_WARN_DEPRECATED_OBJC_IMPLEMENTATIONS = YES;
				CLANG_WARN_DIRECT_OBJC_ISA_USAGE = YES_ERROR;
				CLANG_WARN_DOCUMENTATION_COMMENTS = YES;
				CLANG_WARN_EMPTY_BODY = YES;
				CLANG_WARN_ENUM_CONVERSION = YES;
				CLANG_WARN_INFINITE_RECURSION = YES;
				CLANG_WARN_INT_CONVERSION = YES;
				CLANG_WARN_NON_LITERAL_NULL_CONVERSION = YES;
				CLANG_WARN_OBJC_IMPLICIT_RETAIN_SELF = YES;
				CLANG_WARN_OBJC_LITERAL_CONVERSION = YES;
				CLANG_WARN_OBJC_ROOT_CLASS = YES_ERROR;
				CLANG_WARN_RANGE_LOOP_ANALYSIS = YES;
				CLANG_WARN_STRICT_PROTOTYPES = YES;
				CLANG_WARN_SUSPICIOUS_MOVE = YES;
				CLANG_WARN_UNGUARDED_AVAILABILITY = YES_AGGRESSIVE;
				CLANG_WARN_UNREACHABLE_CODE = YES;
				CLANG_WARN__DUPLICATE_METHOD_MATCH = YES;
				COPY_PHASE_STRIP = NO;
				DEBUG_INFORMATION_FORMAT = dwarf;
				ENABLE_STRICT_OBJC_MSGSEND = YES;
				ENABLE_TESTABILITY = YES;
				GCC_C_LANGUAGE_STANDARD = gnu11;
				GCC_DYNAMIC_NO_PIC = NO;
				GCC_NO_COMMON_BLOCKS = YES;
				GCC_OPTIMIZATION_LEVEL = 0;
				GCC_PREPROCESSOR_DEFINITIONS = (
					"DEBUG=1",
					"$(inherited)",
				);
				GCC_WARN_64_TO_32_BIT_CONVERSION = YES;
				GCC_WARN_ABOUT_RETURN_TYPE = YES_ERROR;
				GCC_WARN_UNDECLARED_SELECTOR = YES;
				GCC_WARN_UNINITIALIZED_AUTOS = YES_AGGRESSIVE;
				GCC_WARN_UNUSED_FUNCTION = YES;
				GCC_WARN_UNUSED_VARIABLE = YES;
				IPHONEOS_DEPLOYMENT_TARGET = 13.2;
				MTL_ENABLE_DEBUG_INFO = INCLUDE_SOURCE;
				MTL_FAST_MATH = YES;
				ONLY_ACTIVE_ARCH = YES;
				SDKROOT = iphoneos;
				SWIFT_ACTIVE_COMPILATION_CONDITIONS = DEBUG;
				SWIFT_OPTIMIZATION_LEVEL = "-Onone";
			};
			name = Debug;
		};
		7162B0E723FF2F5600AA84B4 /* Release */ = {
			isa = XCBuildConfiguration;
			buildSettings = {
				ALWAYS_SEARCH_USER_PATHS = NO;
				CLANG_ANALYZER_NONNULL = YES;
				CLANG_ANALYZER_NUMBER_OBJECT_CONVERSION = YES_AGGRESSIVE;
				CLANG_CXX_LANGUAGE_STANDARD = "gnu++14";
				CLANG_CXX_LIBRARY = "libc++";
				CLANG_ENABLE_MODULES = YES;
				CLANG_ENABLE_OBJC_ARC = YES;
				CLANG_ENABLE_OBJC_WEAK = YES;
				CLANG_WARN_BLOCK_CAPTURE_AUTORELEASING = YES;
				CLANG_WARN_BOOL_CONVERSION = YES;
				CLANG_WARN_COMMA = YES;
				CLANG_WARN_CONSTANT_CONVERSION = YES;
				CLANG_WARN_DEPRECATED_OBJC_IMPLEMENTATIONS = YES;
				CLANG_WARN_DIRECT_OBJC_ISA_USAGE = YES_ERROR;
				CLANG_WARN_DOCUMENTATION_COMMENTS = YES;
				CLANG_WARN_EMPTY_BODY = YES;
				CLANG_WARN_ENUM_CONVERSION = YES;
				CLANG_WARN_INFINITE_RECURSION = YES;
				CLANG_WARN_INT_CONVERSION = YES;
				CLANG_WARN_NON_LITERAL_NULL_CONVERSION = YES;
				CLANG_WARN_OBJC_IMPLICIT_RETAIN_SELF = YES;
				CLANG_WARN_OBJC_LITERAL_CONVERSION = YES;
				CLANG_WARN_OBJC_ROOT_CLASS = YES_ERROR;
				CLANG_WARN_RANGE_LOOP_ANALYSIS = YES;
				CLANG_WARN_STRICT_PROTOTYPES = YES;
				CLANG_WARN_SUSPICIOUS_MOVE = YES;
				CLANG_WARN_UNGUARDED_AVAILABILITY = YES_AGGRESSIVE;
				CLANG_WARN_UNREACHABLE_CODE = YES;
				CLANG_WARN__DUPLICATE_METHOD_MATCH = YES;
				COPY_PHASE_STRIP = NO;
				DEBUG_INFORMATION_FORMAT = "dwarf-with-dsym";
				ENABLE_NS_ASSERTIONS = NO;
				ENABLE_STRICT_OBJC_MSGSEND = YES;
				GCC_C_LANGUAGE_STANDARD = gnu11;
				GCC_NO_COMMON_BLOCKS = YES;
				GCC_WARN_64_TO_32_BIT_CONVERSION = YES;
				GCC_WARN_ABOUT_RETURN_TYPE = YES_ERROR;
				GCC_WARN_UNDECLARED_SELECTOR = YES;
				GCC_WARN_UNINITIALIZED_AUTOS = YES_AGGRESSIVE;
				GCC_WARN_UNUSED_FUNCTION = YES;
				GCC_WARN_UNUSED_VARIABLE = YES;
				IPHONEOS_DEPLOYMENT_TARGET = 13.2;
				MTL_ENABLE_DEBUG_INFO = NO;
				MTL_FAST_MATH = YES;
				SDKROOT = iphoneos;
				SWIFT_COMPILATION_MODE = wholemodule;
				SWIFT_OPTIMIZATION_LEVEL = "-O";
				VALIDATE_PRODUCT = YES;
			};
			name = Release;
		};
		7162B0E923FF2F5600AA84B4 /* Debug */ = {
			isa = XCBuildConfiguration;
			baseConfigurationReference = 54B67972F4E6A0DFA5931AF1 /* Pods-ios-involves.debug.xcconfig */;
			buildSettings = {
				ASSETCATALOG_COMPILER_APPICON_NAME = AppIcon;
				CODE_SIGN_STYLE = Automatic;
				DEVELOPMENT_TEAM = 276P444683;
				INFOPLIST_FILE = "ios-involves/Info.plist";
				LD_RUNPATH_SEARCH_PATHS = (
					"$(inherited)",
					"@executable_path/Frameworks",
				);
				PRODUCT_BUNDLE_IDENTIFIER = "br.com.danilopena.ios-involves";
				PRODUCT_NAME = "$(TARGET_NAME)";
				SWIFT_VERSION = 5.0;
				TARGETED_DEVICE_FAMILY = "1,2";
			};
			name = Debug;
		};
		7162B0EA23FF2F5600AA84B4 /* Release */ = {
			isa = XCBuildConfiguration;
			baseConfigurationReference = EAEC2F75B14BA596CE17E05A /* Pods-ios-involves.release.xcconfig */;
			buildSettings = {
				ASSETCATALOG_COMPILER_APPICON_NAME = AppIcon;
				CODE_SIGN_STYLE = Automatic;
				DEVELOPMENT_TEAM = 276P444683;
				INFOPLIST_FILE = "ios-involves/Info.plist";
				LD_RUNPATH_SEARCH_PATHS = (
					"$(inherited)",
					"@executable_path/Frameworks",
				);
				PRODUCT_BUNDLE_IDENTIFIER = "br.com.danilopena.ios-involves";
				PRODUCT_NAME = "$(TARGET_NAME)";
				SWIFT_VERSION = 5.0;
				TARGETED_DEVICE_FAMILY = "1,2";
			};
			name = Release;
		};
		7162B0EC23FF2F5600AA84B4 /* Debug */ = {
			isa = XCBuildConfiguration;
			baseConfigurationReference = 50FE27205DC9D832E03BAFD0 /* Pods-ios-involvesTests.debug.xcconfig */;
			buildSettings = {
				ALWAYS_EMBED_SWIFT_STANDARD_LIBRARIES = YES;
				BUNDLE_LOADER = "$(TEST_HOST)";
				CODE_SIGN_STYLE = Automatic;
				DEVELOPMENT_TEAM = 276P444683;
				INFOPLIST_FILE = "ios-involvesTests/Info.plist";
				IPHONEOS_DEPLOYMENT_TARGET = 13.2;
				LD_RUNPATH_SEARCH_PATHS = (
					"$(inherited)",
					"@executable_path/Frameworks",
					"@loader_path/Frameworks",
				);
				PRODUCT_BUNDLE_IDENTIFIER = "br.com.danilopena.ios-involvesTests";
				PRODUCT_NAME = "$(TARGET_NAME)";
				SWIFT_VERSION = 5.0;
				TARGETED_DEVICE_FAMILY = "1,2";
				TEST_HOST = "$(BUILT_PRODUCTS_DIR)/ios-involves.app/ios-involves";
			};
			name = Debug;
		};
		7162B0ED23FF2F5600AA84B4 /* Release */ = {
			isa = XCBuildConfiguration;
			baseConfigurationReference = 48F6373D63D22B09188D3896 /* Pods-ios-involvesTests.release.xcconfig */;
			buildSettings = {
				ALWAYS_EMBED_SWIFT_STANDARD_LIBRARIES = YES;
				BUNDLE_LOADER = "$(TEST_HOST)";
				CODE_SIGN_STYLE = Automatic;
				DEVELOPMENT_TEAM = 276P444683;
				INFOPLIST_FILE = "ios-involvesTests/Info.plist";
				IPHONEOS_DEPLOYMENT_TARGET = 13.2;
				LD_RUNPATH_SEARCH_PATHS = (
					"$(inherited)",
					"@executable_path/Frameworks",
					"@loader_path/Frameworks",
				);
				PRODUCT_BUNDLE_IDENTIFIER = "br.com.danilopena.ios-involvesTests";
				PRODUCT_NAME = "$(TARGET_NAME)";
				SWIFT_VERSION = 5.0;
				TARGETED_DEVICE_FAMILY = "1,2";
				TEST_HOST = "$(BUILT_PRODUCTS_DIR)/ios-involves.app/ios-involves";
			};
			name = Release;
		};
/* End XCBuildConfiguration section */

/* Begin XCConfigurationList section */
		7162B0B923FF2F5200AA84B4 /* Build configuration list for PBXProject "ios-involves" */ = {
			isa = XCConfigurationList;
			buildConfigurations = (
				7162B0E623FF2F5600AA84B4 /* Debug */,
				7162B0E723FF2F5600AA84B4 /* Release */,
			);
			defaultConfigurationIsVisible = 0;
			defaultConfigurationName = Release;
		};
		7162B0E823FF2F5600AA84B4 /* Build configuration list for PBXNativeTarget "ios-involves" */ = {
			isa = XCConfigurationList;
			buildConfigurations = (
				7162B0E923FF2F5600AA84B4 /* Debug */,
				7162B0EA23FF2F5600AA84B4 /* Release */,
			);
			defaultConfigurationIsVisible = 0;
			defaultConfigurationName = Release;
		};
		7162B0EB23FF2F5600AA84B4 /* Build configuration list for PBXNativeTarget "ios-involvesTests" */ = {
			isa = XCConfigurationList;
			buildConfigurations = (
				7162B0EC23FF2F5600AA84B4 /* Debug */,
				7162B0ED23FF2F5600AA84B4 /* Release */,
			);
			defaultConfigurationIsVisible = 0;
			defaultConfigurationName = Release;
		};
/* End XCConfigurationList section */
	};
	rootObject = 7162B0B623FF2F5200AA84B4 /* Project object */;
}
